Microsoft Visual Studio Solution File, Format Version 12.00
# Visual Studio Version 17
VisualStudioVersion = 17.5.2.0
MinimumVisualStudioVersion = 10.0.40219.1
Project("{FAE04EC0-301F-11D3-BF4B-00C04F79EFBC}") = "azure-app-maztti", "azure-app-maztti.csproj", "{6DDB5EE9-70AA-D9E5-46B5-B9CD8C274F74}"
EndProject
Global
	GlobalSection(SolutionConfigurationPlatforms) = preSolution
		Debug|Any CPU = Debug|Any CPU
		Release|Any CPU = Release|Any CPU
	EndGlobalSection
	GlobalSection(ProjectConfigurationPlatforms) = postSolution
		{6DDB5EE9-70AA-D9E5-46B5-B9CD8C274F74}.Debug|Any CPU.ActiveCfg = Debug|Any CPU
		{6DDB5EE9-70AA-D9E5-46B5-B9CD8C274F74}.Debug|Any CPU.Build.0 = Debug|Any CPU
		{6DDB5EE9-70AA-D9E5-46B5-B9CD8C274F74}.Release|Any CPU.ActiveCfg = Release|Any CPU
		{6DDB5EE9-70AA-D9E5-46B5-B9CD8C274F74}.Release|Any CPU.Build.0 = Release|Any CPU
	EndGlobalSection
	GlobalSection(SolutionProperties) = preSolution
		HideSolutionNode = FALSE
	EndGlobalSection
	GlobalSection(ExtensibilityGlobals) = postSolution
		SolutionGuid = {FAA9F05F-5CBD-45FC-99AD-E4AB8D00BD7F}
	EndGlobalSection
EndGlobal
